
Microsoft Visual Studio Solution File, Format Version 12.00
# Visual Studio 15
VisualStudioVersion = 15.0.27004.2010
MinimumVisualStudioVersion = 10.0.40219.1
Project("{9A19103F-16F7-4668-BE54-9A1E7A4F7556}") = "CoreApiUndockerized", "CoreApiUndockerized\CoreApiUndockerized.csproj", "{E54A8CED-228E-4D84-B584-83707DA4C27B}"
EndProject
Project("{9A19103F-16F7-4668-BE54-9A1E7A4F7556}") = "CoreApiUndockerized.Data", "CoreApiUndockerized.Data\CoreApiUndockerized.Data.csproj", "{155D5FEC-4C32-4FA7-92CC-6B509ADE2244}"
EndProject
Global
	GlobalSection(SolutionConfigurationPlatforms) = preSolution
		Debug|Any CPU = Debug|Any CPU
		Release|Any CPU = Release|Any CPU
	EndGlobalSection
	GlobalSection(ProjectConfigurationPlatforms) = postSolution
		{E54A8CED-228E-4D84-B584-83707DA4C27B}.Debug|Any CPU.ActiveCfg = Debug|Any CPU
		{E54A8CED-228E-4D84-B584-83707DA4C27B}.Debug|Any CPU.Build.0 = Debug|Any CPU
		{E54A8CED-228E-4D84-B584-83707DA4C27B}.Release|Any CPU.ActiveCfg = Release|Any CPU
		{E54A8CED-228E-4D84-B584-83707DA4C27B}.Release|Any CPU.Build.0 = Release|Any CPU
		{155D5FEC-4C32-4FA7-92CC-6B509ADE2244}.Debug|Any CPU.ActiveCfg = Debug|Any CPU
		{155D5FEC-4C32-4FA7-92CC-6B509ADE2244}.Debug|Any CPU.Build.0 = Debug|Any CPU
		{155D5FEC-4C32-4FA7-92CC-6B509ADE2244}.Release|Any CPU.ActiveCfg = Release|Any CPU
		{155D5FEC-4C32-4FA7-92CC-6B509ADE2244}.Release|Any CPU.Build.0 = Release|Any CPU
	EndGlobalSection
	GlobalSection(SolutionProperties) = preSolution
		HideSolutionNode = FALSE
	EndGlobalSection
	GlobalSection(ExtensibilityGlobals) = postSolution
		SolutionGuid = {815C960B-5CD7-43BB-B17D-9BA3B3B2EC8C}
	EndGlobalSection
EndGlobal
